// !$*UTF8*$!
{
	archiveVersion = 1;
	classes = {
	};
	objectVersion = 46;
	objects = {

/* Begin PBXBuildFile section */
		6C8237531E54620E00717F82 /* AppDelegate.swift in Sources */ = {isa = PBXBuildFile; fileRef = 6C8237521E54620E00717F82 /* AppDelegate.swift */; };
		6C8237551E54620E00717F82 /* ViewController.swift in Sources */ = {isa = PBXBuildFile; fileRef = 6C8237541E54620E00717F82 /* ViewController.swift */; };
		6C8237581E54620E00717F82 /* Main.storyboard in Resources */ = {isa = PBXBuildFile; fileRef = 6C8237561E54620E00717F82 /* Main.storyboard */; };
		6C82375A1E54620E00717F82 /* Assets.xcassets in Resources */ = {isa = PBXBuildFile; fileRef = 6C8237591E54620E00717F82 /* Assets.xcassets */; };
		6C82375D1E54620E00717F82 /* LaunchScreen.storyboard in Resources */ = {isa = PBXBuildFile; fileRef = 6C82375B1E54620E00717F82 /* LaunchScreen.storyboard */; };
		6C82376C1E54638900717F82 /* boing.mp3 in Resources */ = {isa = PBXBuildFile; fileRef = 6C8237641E54638900717F82 /* boing.mp3 */; };
		6C82376D1E54638900717F82 /* explosion.mp3 in Resources */ = {isa = PBXBuildFile; fileRef = 6C8237651E54638900717F82 /* explosion.mp3 */; };
		6C82376E1E54638900717F82 /* hit.mp3 in Resources */ = {isa = PBXBuildFile; fileRef = 6C8237661E54638900717F82 /* hit.mp3 */; };
		6C82376F1E54638900717F82 /* knife.mp3 in Resources */ = {isa = PBXBuildFile; fileRef = 6C8237671E54638900717F82 /* knife.mp3 */; };
		6C8237701E54638900717F82 /* shoot.mp3 in Resources */ = {isa = PBXBuildFile; fileRef = 6C8237681E54638900717F82 /* shoot.mp3 */; };
		6C8237711E54638900717F82 /* swish.mp3 in Resources */ = {isa = PBXBuildFile; fileRef = 6C8237691E54638900717F82 /* swish.mp3 */; };
		6C8237721E54638900717F82 /* wah.mp3 in Resources */ = {isa = PBXBuildFile; fileRef = 6C82376A1E54638900717F82 /* wah.mp3 */; };
		6C8237731E54638900717F82 /* warble.mp3 in Resources */ = {isa = PBXBuildFile; fileRef = 6C82376B1E54638900717F82 /* warble.mp3 */; };
/* End PBXBuildFile section */

/* Begin PBXFileReference section */
		6C82374F1E54620E00717F82 /* RandomShakeSound.app */ = {isa = PBXFileReference; explicitFileType = wrapper.application; includeInIndex = 0; path = RandomShakeSound.app; sourceTree = BUILT_PRODUCTS_DIR; };
		6C8237521E54620E00717F82 /* AppDelegate.swift */ = {isa = PBXFileReference; lastKnownFileType = sourcecode.swift; path = AppDelegate.swift; sourceTree = "<group>"; };
		6C8237541E54620E00717F82 /* ViewController.swift */ = {isa = PBXFileReference; lastKnownFileType = sourcecode.swift; path = ViewController.swift; sourceTree = "<group>"; };
		6C8237571E54620E00717F82 /* Base */ = {isa = PBXFileReference; lastKnownFileType = file.storyboard; name = Base; path = Base.lproj/Main.storyboard; sourceTree = "<group>"; };
		6C8237591E54620E00717F82 /* Assets.xcassets */ = {isa = PBXFileReference; lastKnownFileType = folder.assetcatalog; path = Assets.xcassets; sourceTree = "<group>"; };
		6C82375C1E54620E00717F82 /* Base */ = {isa = PBXFileReference; lastKnownFileType = file.storyboard; name = Base; path = Base.lproj/LaunchScreen.storyboard; sourceTree = "<group>"; };
		6C82375E1E54620E00717F82 /* Info.plist */ = {isa = PBXFileReference; lastKnownFileType = text.plist.xml; path = Info.plist; sourceTree = "<group>"; };
		6C8237641E54638900717F82 /* boing.mp3 */ = {isa = PBXFileReference; lastKnownFileType = audio.mp3; name = boing.mp3; path = sounds/boing.mp3; sourceTree = SOURCE_ROOT; };
		6C8237651E54638900717F82 /* explosion.mp3 */ = {isa = PBXFileReference; lastKnownFileType = audio.mp3; name = explosion.mp3; path = sounds/explosion.mp3; sourceTree = SOURCE_ROOT; };
		6C8237661E54638900717F82 /* hit.mp3 */ = {isa = PBXFileReference; lastKnownFileType = audio.mp3; name = hit.mp3; path = sounds/hit.mp3; sourceTree = SOURCE_ROOT; };
		6C8237671E54638900717F82 /* knife.mp3 */ = {isa = PBXFileReference; lastKnownFileType = audio.mp3; name = knife.mp3; path = sounds/knife.mp3; sourceTree = SOURCE_ROOT; };
		6C8237681E54638900717F82 /* shoot.mp3 */ = {isa = PBXFileReference; lastKnownFileType = audio.mp3; name = shoot.mp3; path = sounds/shoot.mp3; sourceTree = SOURCE_ROOT; };
		6C8237691E54638900717F82 /* swish.mp3 */ = {isa = PBXFileReference; lastKnownFileType = audio.mp3; name = swish.mp3; path = sounds/swish.mp3; sourceTree = SOURCE_ROOT; };
		6C82376A1E54638900717F82 /* wah.mp3 */ = {isa = PBXFileReference; lastKnownFileType = audio.mp3; name = wah.mp3; path = sounds/wah.mp3; sourceTree = SOURCE_ROOT; };
		6C82376B1E54638900717F82 /* warble.mp3 */ = {isa = PBXFileReference; lastKnownFileType = audio.mp3; name = warble.mp3; path = sounds/warble.mp3; sourceTree = SOURCE_ROOT; };
/* End PBXFileReference section */

/* Begin PBXFrameworksBuildPhase section */
		6C82374C1E54620E00717F82 /* Frameworks */ = {
			isa = PBXFrameworksBuildPhase;
			buildActionMask = 2147483647;
			files = (
			);
			runOnlyForDeploymentPostprocessing = 0;
		};
/* End PBXFrameworksBuildPhase section */

/* Begin PBXGroup section */
		6C8237461E54620E00717F82 = {
			isa = PBXGroup;
			children = (
				6C8237511E54620E00717F82 /* RandomShakeSound */,
				6C8237501E54620E00717F82 /* Products */,
			);
			sourceTree = "<group>";
		};
		6C8237501E54620E00717F82 /* Products */ = {
			isa = PBXGroup;
			children = (
				6C82374F1E54620E00717F82 /* RandomShakeSound.app */,
			);
			name = Products;
			sourceTree = "<group>";
		};
		6C8237511E54620E00717F82 /* RandomShakeSound */ = {
			isa = PBXGroup;
			children = (
				6C8237741E54638D00717F82 /* sounds */,
				6C8237521E54620E00717F82 /* AppDelegate.swift */,
				6C8237541E54620E00717F82 /* ViewController.swift */,
				6C8237561E54620E00717F82 /* Main.storyboard */,
				6C8237591E54620E00717F82 /* Assets.xcassets */,
				6C82375B1E54620E00717F82 /* LaunchScreen.storyboard */,
				6C82375E1E54620E00717F82 /* Info.plist */,
			);
			path = RandomShakeSound;
			sourceTree = "<group>";
		};
		6C8237741E54638D00717F82 /* sounds */ = {
			isa = PBXGroup;
			children = (
				6C8237641E54638900717F82 /* boing.mp3 */,
				6C8237651E54638900717F82 /* explosion.mp3 */,
				6C8237661E54638900717F82 /* hit.mp3 */,
				6C8237671E54638900717F82 /* knife.mp3 */,
				6C8237681E54638900717F82 /* shoot.mp3 */,
				6C8237691E54638900717F82 /* swish.mp3 */,
				6C82376A1E54638900717F82 /* wah.mp3 */,
				6C82376B1E54638900717F82 /* warble.mp3 */,
			);
			name = sounds;
			sourceTree = "<group>";
		};
/* End PBXGroup section */

/* Begin PBXNativeTarget section */
		6C82374E1E54620E00717F82 /* RandomShakeSound */ = {
			isa = PBXNativeTarget;
			buildConfigurationList = 6C8237611E54620E00717F82 /* Build configuration list for PBXNativeTarget "RandomShakeSound" */;
			buildPhases = (
				6C82374B1E54620E00717F82 /* Sources */,
				6C82374C1E54620E00717F82 /* Frameworks */,
				6C82374D1E54620E00717F82 /* Resources */,
			);
			buildRules = (
			);
			dependencies = (
			);
			name = RandomShakeSound;
			productName = RandomShakeSound;
			productReference = 6C82374F1E54620E00717F82 /* RandomShakeSound.app */;
			productType = "com.apple.product-type.application";
		};
/* End PBXNativeTarget section */

/* Begin PBXProject section */
		6C8237471E54620E00717F82 /* Project object */ = {
			isa = PBXProject;
			attributes = {
				LastSwiftUpdateCheck = 0820;
				LastUpgradeCheck = 0820;
				ORGANIZATIONNAME = Watchanan;
				TargetAttributes = {
					6C82374E1E54620E00717F82 = {
						CreatedOnToolsVersion = 8.2;
						ProvisioningStyle = Automatic;
					};
				};
			};
			buildConfigurationList = 6C82374A1E54620E00717F82 /* Build configuration list for PBXProject "RandomShakeSound" */;
			compatibilityVersion = "Xcode 3.2";
			developmentRegion = English;
			hasScannedForEncodings = 0;
			knownRegions = (
				en,
				Base,
			);
			mainGroup = 6C8237461E54620E00717F82;
			productRefGroup = 6C8237501E54620E00717F82 /* Products */;
			projectDirPath = "";
			projectRoot = "";
			targets = (
				6C82374E1E54620E00717F82 /* RandomShakeSound */,
			);
		};
/* End PBXProject section */

/* Begin PBXResourcesBuildPhase section */
		6C82374D1E54620E00717F82 /* Resources */ = {
			isa = PBXResourcesBuildPhase;
			buildActionMask = 2147483647;
			files = (
				6C82376E1E54638900717F82 /* hit.mp3 in Resources */,
				6C8237711E54638900717F82 /* swish.mp3 in Resources */,
				6C82375D1E54620E00717F82 /* LaunchScreen.storyboard in Resources */,
				6C8237731E54638900717F82 /* warble.mp3 in Resources */,
				6C82375A1E54620E00717F82 /* Assets.xcassets in Resources */,
				6C82376F1E54638900717F82 /* knife.mp3 in Resources */,
				6C8237701E54638900717F82 /* shoot.mp3 in Resources */,
				6C82376C1E54638900717F82 /* boing.mp3 in Resources */,
				6C8237721E54638900717F82 /* wah.mp3 in Resources */,
				6C8237581E54620E00717F82 /* Main.storyboard in Resources */,
				6C82376D1E54638900717F82 /* explosion.mp3 in Resources */,
			);
			runOnlyForDeploymentPostprocessing = 0;
		};
/* End PBXResourcesBuildPhase section */

/* Begin PBXSourcesBuildPhase section */
		6C82374B1E54620E00717F82 /* Sources */ = {
			isa = PBXSourcesBuildPhase;
			buildActionMask = 2147483647;
			files = (
				6C8237551E54620E00717F82 /* ViewController.swift in Sources */,
				6C8237531E54620E00717F82 /* AppDelegate.swift in Sources */,
			);
			runOnlyForDeploymentPostprocessing = 0;
		};
/* End PBXSourcesBuildPhase section */

/* Begin PBXVariantGroup section */
		6C8237561E54620E00717F82 /* Main.storyboard */ = {
			isa = PBXVariantGroup;
			children = (
				6C8237571E54620E00717F82 /* Base */,
			);
			name = Main.storyboard;
			sourceTree = "<group>";
		};
		6C82375B1E54620E00717F82 /* LaunchScreen.storyboard */ = {
			isa = PBXVariantGroup;
			children = (
				6C82375C1E54620E00717F82 /* Base */,
			);
			name = LaunchScreen.storyboard;
			sourceTree = "<group>";
		};
/* End PBXVariantGroup section */

/* Begin XCBuildConfiguration section */
		6C82375F1E54620E00717F82 /* Debug */ = {
			isa = XCBuildConfiguration;
			buildSettings = {
				ALWAYS_SEARCH_USER_PATHS = NO;
				CLANG_ANALYZER_NONNULL = YES;
				CLANG_CXX_LANGUAGE_STANDARD = "gnu++0x";
				CLANG_CXX_LIBRARY = "libc++";
				CLANG_ENABLE_MODULES = YES;
				CLANG_ENABLE_OBJC_ARC = YES;
				CLANG_WARN_BOOL_CONVERSION = YES;
				CLANG_WARN_CONSTANT_CONVERSION = YES;
				CLANG_WARN_DIRECT_OBJC_ISA_USAGE = YES_ERROR;
				CLANG_WARN_DOCUMENTATION_COMMENTS = YES;
				CLANG_WARN_EMPTY_BODY = YES;
				CLANG_WARN_ENUM_CONVERSION = YES;
				CLANG_WARN_INFINITE_RECURSION = YES;
				CLANG_WARN_INT_CONVERSION = YES;
				CLANG_WARN_OBJC_ROOT_CLASS = YES_ERROR;
				CLANG_WARN_SUSPICIOUS_MOVE = YES;
				CLANG_WARN_UNREACHABLE_CODE = YES;
				CLANG_WARN__DUPLICATE_METHOD_MATCH = YES;
				"CODE_SIGN_IDENTITY[sdk=iphoneos*]" = "iPhone Developer";
				COPY_PHASE_STRIP = NO;
				DEBUG_INFORMATION_FORMAT = dwarf;
				ENABLE_STRICT_OBJC_MSGSEND = YES;
				ENABLE_TESTABILITY = YES;
				GCC_C_LANGUAGE_STANDARD = gnu99;
				GCC_DYNAMIC_NO_PIC = NO;
				GCC_NO_COMMON_BLOCKS = YES;
				GCC_OPTIMIZATION_LEVEL = 0;
				GCC_PREPROCESSOR_DEFINITIONS = (
					"DEBUG=1",
					"$(inherited)",
				);
				GCC_WARN_64_TO_32_BIT_CONVERSION = YES;
				GCC_WARN_ABOUT_RETURN_TYPE = YES_ERROR;
				GCC_WARN_UNDECLARED_SELECTOR = YES;
				GCC_WARN_UNINITIALIZED_AUTOS = YES_AGGRESSIVE;
				GCC_WARN_UNUSED_FUNCTION = YES;
				GCC_WARN_UNUSED_VARIABLE = YES;
				IPHONEOS_DEPLOYMENT_TARGET = 10.2;
				MTL_ENABLE_DEBUG_INFO = YES;
				ONLY_ACTIVE_ARCH = YES;
				SDKROOT = iphoneos;
				SWIFT_ACTIVE_COMPILATION_CONDITIONS = DEBUG;
				SWIFT_OPTIMIZATION_LEVEL = "-Onone";
			};
			name = Debug;
		};
		6C8237601E54620E00717F82 /* Release */ = {
			isa = XCBuildConfiguration;
			buildSettings = {
				ALWAYS_SEARCH_USER_PATHS = NO;
				CLANG_ANALYZER_NONNULL = YES;
				CLANG_CXX_LANGUAGE_STANDARD = "gnu++0x";
				CLANG_CXX_LIBRARY = "libc++";
				CLANG_ENABLE_MODULES = YES;
				CLANG_ENABLE_OBJC_ARC = YES;
				CLANG_WARN_BOOL_CONVERSION = YES;
				CLANG_WARN_CONSTANT_CONVERSION = YES;
				CLANG_WARN_DIRECT_OBJC_ISA_USAGE = YES_ERROR;
				CLANG_WARN_DOCUMENTATION_COMMENTS = YES;
				CLANG_WARN_EMPTY_BODY = YES;
				CLANG_WARN_ENUM_CONVERSION = YES;
				CLANG_WARN_INFINITE_RECURSION = YES;
				CLANG_WARN_INT_CONVERSION = YES;
				CLANG_WARN_OBJC_ROOT_CLASS = YES_ERROR;
				CLANG_WARN_SUSPICIOUS_MOVE = YES;
				CLANG_WARN_UNREACHABLE_CODE = YES;
				CLANG_WARN__DUPLICATE_METHOD_MATCH = YES;
				"CODE_SIGN_IDENTITY[sdk=iphoneos*]" = "iPhone Developer";
				COPY_PHASE_STRIP = NO;
				DEBUG_INFORMATION_FORMAT = "dwarf-with-dsym";
				ENABLE_NS_ASSERTIONS = NO;
				ENABLE_STRICT_OBJC_MSGSEND = YES;
				GCC_C_LANGUAGE_STANDARD = gnu99;
				GCC_NO_COMMON_BLOCKS = YES;
				GCC_WARN_64_TO_32_BIT_CONVERSION = YES;
				GCC_WARN_ABOUT_RETURN_TYPE = YES_ERROR;
				GCC_WARN_UNDECLARED_SELECTOR = YES;
				GCC_WARN_UNINITIALIZED_AUTOS = YES_AGGRESSIVE;
				GCC_WARN_UNUSED_FUNCTION = YES;
				GCC_WARN_UNUSED_VARIABLE = YES;
				IPHONEOS_DEPLOYMENT_TARGET = 10.2;
				MTL_ENABLE_DEBUG_INFO = NO;
				SDKROOT = iphoneos;
				SWIFT_OPTIMIZATION_LEVEL = "-Owholemodule";
				VALIDATE_PRODUCT = YES;
			};
			name = Release;
		};
		6C8237621E54620E00717F82 /* Debug */ = {
			isa = XCBuildConfiguration;
			buildSettings = {
				ASSETCATALOG_COMPILER_APPICON_NAME = AppIcon;
				INFOPLIST_FILE = RandomShakeSound/Info.plist;
				LD_RUNPATH_SEARCH_PATHS = "$(inherited) @executable_path/Frameworks";
				PRODUCT_BUNDLE_IDENTIFIER = CPE497.RandomShakeSound;
				PRODUCT_NAME = "$(TARGET_NAME)";
				SWIFT_VERSION = 3.0;
			};
			name = Debug;
		};
		6C8237631E54620E00717F82 /* Release */ = {
			isa = XCBuildConfiguration;
			buildSettings = {
				ASSETCATALOG_COMPILER_APPICON_NAME = AppIcon;
				INFOPLIST_FILE = RandomShakeSound/Info.plist;
				LD_RUNPATH_SEARCH_PATHS = "$(inherited) @executable_path/Frameworks";
				PRODUCT_BUNDLE_IDENTIFIER = CPE497.RandomShakeSound;
				PRODUCT_NAME = "$(TARGET_NAME)";
				SWIFT_VERSION = 3.0;
			};
			name = Release;
		};
/* End XCBuildConfiguration section */

/* Begin XCConfigurationList section */
		6C82374A1E54620E00717F82 /* Build configuration list for PBXProject "RandomShakeSound" */ = {
			isa = XCConfigurationList;
			buildConfigurations = (
				6C82375F1E54620E00717F82 /* Debug */,
				6C8237601E54620E00717F82 /* Release */,
			);
			defaultConfigurationIsVisible = 0;
			defaultConfigurationName = Release;
		};
		6C8237611E54620E00717F82 /* Build configuration list for PBXNativeTarget "RandomShakeSound" */ = {
			isa = XCConfigurationList;
			buildConfigurations = (
				6C8237621E54620E00717F82 /* Debug */,
				6C8237631E54620E00717F82 /* Release */,
			);
			defaultConfigurationIsVisible = 0;
		};
/* End XCConfigurationList section */
	};
	rootObject = 6C8237471E54620E00717F82 /* Project object */;
}
